
Microsoft Visual Studio Solution File, Format Version 12.00
# Visual Studio Version 17
VisualStudioVersion = 17.14.36717.8 d17.14
MinimumVisualStudioVersion = 10.0.40219.1
Project("{FAE04EC0-301F-11D3-BF4B-00C04F79EFBC}") = "EAWRCbridge", "EAWRCbridge\EAWRCbridge.csproj", "{808115DA-5458-4C5B-9F05-7E5CCB1B73FD}"
EndProject
Global
	GlobalSection(SolutionConfigurationPlatforms) = preSolution
		Debug|Any CPU = Debug|Any CPU
		Release|Any CPU = Release|Any CPU
	EndGlobalSection
	GlobalSection(ProjectConfigurationPlatforms) = postSolution
		{808115DA-5458-4C5B-9F05-7E5CCB1B73FD}.Debug|Any CPU.ActiveCfg = Debug|Any CPU
		{808115DA-5458-4C5B-9F05-7E5CCB1B73FD}.Debug|Any CPU.Build.0 = Debug|Any CPU
		{808115DA-5458-4C5B-9F05-7E5CCB1B73FD}.Release|Any CPU.ActiveCfg = Release|Any CPU
		{808115DA-5458-4C5B-9F05-7E5CCB1B73FD}.Release|Any CPU.Build.0 = Release|Any CPU
	EndGlobalSection
	GlobalSection(SolutionProperties) = preSolution
		HideSolutionNode = FALSE
	EndGlobalSection
	GlobalSection(ExtensibilityGlobals) = postSolution
		SolutionGuid = {F3254597-D81F-4F84-AE14-37CD6AB49545}
	EndGlobalSection
EndGlobal
